
Microsoft Visual Studio Solution File, Format Version 12.00
# Visual Studio Version 17
VisualStudioVersion = 17.0.31903.59
MinimumVisualStudioVersion = 10.0.40219.1
Project("{9A19103F-16F7-4668-BE54-9A1E7A4F7556}") = "day_1_part_2", "day_1_part_2\day_1_part_2.csproj", "{0548E8A8-2532-4464-929F-517E9B42D8C4}"
EndProject
Project("{9A19103F-16F7-4668-BE54-9A1E7A4F7556}") = "day_1_part_1", "day_1_part_1\day_1_part_1.csproj", "{7FD1F76F-88B3-48F7-AFA7-012BD7BFBBD1}"
EndProject
Project("{9A19103F-16F7-4668-BE54-9A1E7A4F7556}") = "day_2_part_1", "day_2_part_1\day_2_part_1.csproj", "{88866CCF-C4C5-4EE5-A0DC-BC0EC7B82D57}"
EndProject
Project("{9A19103F-16F7-4668-BE54-9A1E7A4F7556}") = "day_2_part_2", "day_2_part_2\day_2_part_2.csproj", "{81544EF7-E96B-4FFF-B98F-D56EBF162933}"
EndProject
Project("{9A19103F-16F7-4668-BE54-9A1E7A4F7556}") = "day_3_part_1", "day_3_part_1\day_3_part_1.csproj", "{350415D0-34BB-4E95-AAC6-7F904250C483}"
EndProject
Project("{9A19103F-16F7-4668-BE54-9A1E7A4F7556}") = "day_3_part_2", "day_3_part_2\day_3_part_2.csproj", "{C20E19AC-9F8E-4CE4-A9B7-9E8C33EC3404}"
EndProject
Project("{9A19103F-16F7-4668-BE54-9A1E7A4F7556}") = "day_4_part_1", "day_4_part_1\day_4_part_1.csproj", "{A75C8E53-493E-409B-A839-2DA8F1E92260}"
EndProject
Project("{FAE04EC0-301F-11D3-BF4B-00C04F79EFBC}") = "day_4_part_2", "day_4_part_2\day_4_part_2.csproj", "{B34F1604-C118-49AE-A5A8-E5AEE92BDC41}"
EndProject
Global
	GlobalSection(SolutionConfigurationPlatforms) = preSolution
		Debug|Any CPU = Debug|Any CPU
		Release|Any CPU = Release|Any CPU
	EndGlobalSection
	GlobalSection(ProjectConfigurationPlatforms) = postSolution
		{0548E8A8-2532-4464-929F-517E9B42D8C4}.Debug|Any CPU.ActiveCfg = Debug|Any CPU
		{0548E8A8-2532-4464-929F-517E9B42D8C4}.Debug|Any CPU.Build.0 = Debug|Any CPU
		{0548E8A8-2532-4464-929F-517E9B42D8C4}.Release|Any CPU.ActiveCfg = Release|Any CPU
		{0548E8A8-2532-4464-929F-517E9B42D8C4}.Release|Any CPU.Build.0 = Release|Any CPU
		{7FD1F76F-88B3-48F7-AFA7-012BD7BFBBD1}.Debug|Any CPU.ActiveCfg = Debug|Any CPU
		{7FD1F76F-88B3-48F7-AFA7-012BD7BFBBD1}.Debug|Any CPU.Build.0 = Debug|Any CPU
		{7FD1F76F-88B3-48F7-AFA7-012BD7BFBBD1}.Release|Any CPU.ActiveCfg = Release|Any CPU
		{7FD1F76F-88B3-48F7-AFA7-012BD7BFBBD1}.Release|Any CPU.Build.0 = Release|Any CPU
		{88866CCF-C4C5-4EE5-A0DC-BC0EC7B82D57}.Debug|Any CPU.ActiveCfg = Debug|Any CPU
		{88866CCF-C4C5-4EE5-A0DC-BC0EC7B82D57}.Debug|Any CPU.Build.0 = Debug|Any CPU
		{88866CCF-C4C5-4EE5-A0DC-BC0EC7B82D57}.Release|Any CPU.ActiveCfg = Release|Any CPU
		{88866CCF-C4C5-4EE5-A0DC-BC0EC7B82D57}.Release|Any CPU.Build.0 = Release|Any CPU
		{81544EF7-E96B-4FFF-B98F-D56EBF162933}.Debug|Any CPU.ActiveCfg = Debug|Any CPU
		{81544EF7-E96B-4FFF-B98F-D56EBF162933}.Debug|Any CPU.Build.0 = Debug|Any CPU
		{81544EF7-E96B-4FFF-B98F-D56EBF162933}.Release|Any CPU.ActiveCfg = Release|Any CPU
		{81544EF7-E96B-4FFF-B98F-D56EBF162933}.Release|Any CPU.Build.0 = Release|Any CPU
		{350415D0-34BB-4E95-AAC6-7F904250C483}.Debug|Any CPU.ActiveCfg = Debug|Any CPU
		{350415D0-34BB-4E95-AAC6-7F904250C483}.Debug|Any CPU.Build.0 = Debug|Any CPU
		{350415D0-34BB-4E95-AAC6-7F904250C483}.Release|Any CPU.ActiveCfg = Release|Any CPU
		{350415D0-34BB-4E95-AAC6-7F904250C483}.Release|Any CPU.Build.0 = Release|Any CPU
		{C20E19AC-9F8E-4CE4-A9B7-9E8C33EC3404}.Debug|Any CPU.ActiveCfg = Debug|Any CPU
		{C20E19AC-9F8E-4CE4-A9B7-9E8C33EC3404}.Debug|Any CPU.Build.0 = Debug|Any CPU
		{C20E19AC-9F8E-4CE4-A9B7-9E8C33EC3404}.Release|Any CPU.ActiveCfg = Release|Any CPU
		{C20E19AC-9F8E-4CE4-A9B7-9E8C33EC3404}.Release|Any CPU.Build.0 = Release|Any CPU
		{A75C8E53-493E-409B-A839-2DA8F1E92260}.Debug|Any CPU.ActiveCfg = Debug|Any CPU
		{A75C8E53-493E-409B-A839-2DA8F1E92260}.Debug|Any CPU.Build.0 = Debug|Any CPU
		{A75C8E53-493E-409B-A839-2DA8F1E92260}.Release|Any CPU.ActiveCfg = Release|Any CPU
		{A75C8E53-493E-409B-A839-2DA8F1E92260}.Release|Any CPU.Build.0 = Release|Any CPU
		{B34F1604-C118-49AE-A5A8-E5AEE92BDC41}.Debug|Any CPU.ActiveCfg = Debug|Any CPU
		{B34F1604-C118-49AE-A5A8-E5AEE92BDC41}.Debug|Any CPU.Build.0 = Debug|Any CPU
		{B34F1604-C118-49AE-A5A8-E5AEE92BDC41}.Release|Any CPU.ActiveCfg = Release|Any CPU
		{B34F1604-C118-49AE-A5A8-E5AEE92BDC41}.Release|Any CPU.Build.0 = Release|Any CPU
	EndGlobalSection
	GlobalSection(SolutionProperties) = preSolution
		HideSolutionNode = FALSE
	EndGlobalSection
	GlobalSection(ExtensibilityGlobals) = postSolution
		SolutionGuid = {AF0519D4-2118-4B74-8546-A5B538208862}
	EndGlobalSection
EndGlobal
