
Microsoft Visual Studio Solution File, Format Version 12.00
# Visual Studio Version 17
VisualStudioVersion = 17.0.31903.59
MinimumVisualStudioVersion = 10.0.40219.1
Project("{9A19103F-16F7-4668-BE54-9A1E7A4F7556}") = "day_1", "day_1\day_1.csproj", "{24373E20-9FE3-42C3-AF19-627134AF6C0A}"
EndProject
Project("{9A19103F-16F7-4668-BE54-9A1E7A4F7556}") = "day_2", "day_2\day_2.csproj", "{D82822A0-6F9E-452A-9196-ABD7D1EE325C}"
EndProject
Global
	GlobalSection(SolutionConfigurationPlatforms) = preSolution
		Debug|Any CPU = Debug|Any CPU
		Release|Any CPU = Release|Any CPU
	EndGlobalSection
	GlobalSection(ProjectConfigurationPlatforms) = postSolution
		{24373E20-9FE3-42C3-AF19-627134AF6C0A}.Debug|Any CPU.ActiveCfg = Debug|Any CPU
		{24373E20-9FE3-42C3-AF19-627134AF6C0A}.Debug|Any CPU.Build.0 = Debug|Any CPU
		{24373E20-9FE3-42C3-AF19-627134AF6C0A}.Release|Any CPU.ActiveCfg = Release|Any CPU
		{24373E20-9FE3-42C3-AF19-627134AF6C0A}.Release|Any CPU.Build.0 = Release|Any CPU
		{D82822A0-6F9E-452A-9196-ABD7D1EE325C}.Debug|Any CPU.ActiveCfg = Debug|Any CPU
		{D82822A0-6F9E-452A-9196-ABD7D1EE325C}.Debug|Any CPU.Build.0 = Debug|Any CPU
		{D82822A0-6F9E-452A-9196-ABD7D1EE325C}.Release|Any CPU.ActiveCfg = Release|Any CPU
		{D82822A0-6F9E-452A-9196-ABD7D1EE325C}.Release|Any CPU.Build.0 = Release|Any CPU
	EndGlobalSection
	GlobalSection(SolutionProperties) = preSolution
		HideSolutionNode = FALSE
	EndGlobalSection
	GlobalSection(ExtensibilityGlobals) = postSolution
		SolutionGuid = {AF0519D4-2118-4B74-8546-A5B538208862}
	EndGlobalSection
EndGlobal
