
Microsoft Visual Studio Solution File, Format Version 12.00
Project("{FAE04EC0-301F-11D3-BF4B-00C04F79EFBC}") = "Day1", "Day1\Day1.csproj", "{60058418-3C59-4B63-B8A4-D490AB36E229}"
EndProject
Project("{FAE04EC0-301F-11D3-BF4B-00C04F79EFBC}") = "Day2", "Day2\Day2.csproj", "{2AFBFDE7-C535-48B2-8F66-68564DF15452}"
EndProject
Project("{FAE04EC0-301F-11D3-BF4B-00C04F79EFBC}") = "Day3", "Day3\Day3.csproj", "{B2D9A77E-BC8E-4B6D-9C4E-931116F343C8}"
EndProject
Project("{FAE04EC0-301F-11D3-BF4B-00C04F79EFBC}") = "Common", "Common\Common.csproj", "{E9CFA34F-3250-470F-AF20-BE01F2F219E8}"
EndProject
Project("{FAE04EC0-301F-11D3-BF4B-00C04F79EFBC}") = "Day4", "Day4\Day4.csproj", "{A7BE21B6-4A6A-4858-AA46-C4708E121EC4}"
EndProject
Project("{FAE04EC0-301F-11D3-BF4B-00C04F79EFBC}") = "Day5", "Day5\Day5.csproj", "{24399731-A77C-4816-9C8C-FD63A762407F}"
EndProject
Project("{FAE04EC0-301F-11D3-BF4B-00C04F79EFBC}") = "Day6", "Day6\Day6.csproj", "{DD132E4A-2593-4160-B387-FF23A55E399E}"
EndProject
Project("{FAE04EC0-301F-11D3-BF4B-00C04F79EFBC}") = "Day7", "Day7\Day7.csproj", "{FC115692-BE35-4FF8-9177-6DDE9D7A11F0}"
EndProject
Project("{FAE04EC0-301F-11D3-BF4B-00C04F79EFBC}") = "Day8", "Day8\Day8.csproj", "{84DC57D6-7617-4681-B07D-AB5CF926F2B6}"
EndProject
Global
	GlobalSection(SolutionConfigurationPlatforms) = preSolution
		Debug|Any CPU = Debug|Any CPU
		Release|Any CPU = Release|Any CPU
	EndGlobalSection
	GlobalSection(ProjectConfigurationPlatforms) = postSolution
		{60058418-3C59-4B63-B8A4-D490AB36E229}.Debug|Any CPU.ActiveCfg = Debug|Any CPU
		{60058418-3C59-4B63-B8A4-D490AB36E229}.Debug|Any CPU.Build.0 = Debug|Any CPU
		{60058418-3C59-4B63-B8A4-D490AB36E229}.Release|Any CPU.ActiveCfg = Release|Any CPU
		{60058418-3C59-4B63-B8A4-D490AB36E229}.Release|Any CPU.Build.0 = Release|Any CPU
		{2AFBFDE7-C535-48B2-8F66-68564DF15452}.Debug|Any CPU.ActiveCfg = Debug|Any CPU
		{2AFBFDE7-C535-48B2-8F66-68564DF15452}.Debug|Any CPU.Build.0 = Debug|Any CPU
		{2AFBFDE7-C535-48B2-8F66-68564DF15452}.Release|Any CPU.ActiveCfg = Release|Any CPU
		{2AFBFDE7-C535-48B2-8F66-68564DF15452}.Release|Any CPU.Build.0 = Release|Any CPU
		{B2D9A77E-BC8E-4B6D-9C4E-931116F343C8}.Debug|Any CPU.ActiveCfg = Debug|Any CPU
		{B2D9A77E-BC8E-4B6D-9C4E-931116F343C8}.Debug|Any CPU.Build.0 = Debug|Any CPU
		{B2D9A77E-BC8E-4B6D-9C4E-931116F343C8}.Release|Any CPU.ActiveCfg = Release|Any CPU
		{B2D9A77E-BC8E-4B6D-9C4E-931116F343C8}.Release|Any CPU.Build.0 = Release|Any CPU
		{E9CFA34F-3250-470F-AF20-BE01F2F219E8}.Debug|Any CPU.ActiveCfg = Debug|Any CPU
		{E9CFA34F-3250-470F-AF20-BE01F2F219E8}.Debug|Any CPU.Build.0 = Debug|Any CPU
		{E9CFA34F-3250-470F-AF20-BE01F2F219E8}.Release|Any CPU.ActiveCfg = Release|Any CPU
		{E9CFA34F-3250-470F-AF20-BE01F2F219E8}.Release|Any CPU.Build.0 = Release|Any CPU
		{A7BE21B6-4A6A-4858-AA46-C4708E121EC4}.Debug|Any CPU.ActiveCfg = Debug|Any CPU
		{A7BE21B6-4A6A-4858-AA46-C4708E121EC4}.Debug|Any CPU.Build.0 = Debug|Any CPU
		{A7BE21B6-4A6A-4858-AA46-C4708E121EC4}.Release|Any CPU.ActiveCfg = Release|Any CPU
		{A7BE21B6-4A6A-4858-AA46-C4708E121EC4}.Release|Any CPU.Build.0 = Release|Any CPU
		{24399731-A77C-4816-9C8C-FD63A762407F}.Debug|Any CPU.ActiveCfg = Debug|Any CPU
		{24399731-A77C-4816-9C8C-FD63A762407F}.Debug|Any CPU.Build.0 = Debug|Any CPU
		{24399731-A77C-4816-9C8C-FD63A762407F}.Release|Any CPU.ActiveCfg = Release|Any CPU
		{24399731-A77C-4816-9C8C-FD63A762407F}.Release|Any CPU.Build.0 = Release|Any CPU
		{DD132E4A-2593-4160-B387-FF23A55E399E}.Debug|Any CPU.ActiveCfg = Debug|Any CPU
		{DD132E4A-2593-4160-B387-FF23A55E399E}.Debug|Any CPU.Build.0 = Debug|Any CPU
		{DD132E4A-2593-4160-B387-FF23A55E399E}.Release|Any CPU.ActiveCfg = Release|Any CPU
		{DD132E4A-2593-4160-B387-FF23A55E399E}.Release|Any CPU.Build.0 = Release|Any CPU
		{FC115692-BE35-4FF8-9177-6DDE9D7A11F0}.Debug|Any CPU.ActiveCfg = Debug|Any CPU
		{FC115692-BE35-4FF8-9177-6DDE9D7A11F0}.Debug|Any CPU.Build.0 = Debug|Any CPU
		{FC115692-BE35-4FF8-9177-6DDE9D7A11F0}.Release|Any CPU.ActiveCfg = Release|Any CPU
		{FC115692-BE35-4FF8-9177-6DDE9D7A11F0}.Release|Any CPU.Build.0 = Release|Any CPU
		{84DC57D6-7617-4681-B07D-AB5CF926F2B6}.Debug|Any CPU.ActiveCfg = Debug|Any CPU
		{84DC57D6-7617-4681-B07D-AB5CF926F2B6}.Debug|Any CPU.Build.0 = Debug|Any CPU
		{84DC57D6-7617-4681-B07D-AB5CF926F2B6}.Release|Any CPU.ActiveCfg = Release|Any CPU
		{84DC57D6-7617-4681-B07D-AB5CF926F2B6}.Release|Any CPU.Build.0 = Release|Any CPU
	EndGlobalSection
EndGlobal
